
Microsoft Visual Studio Solution File, Format Version 12.00
# Visual Studio Version 17
VisualStudioVersion = 17.7.34031.279
MinimumVisualStudioVersion = 10.0.40219.1
Project("{FAE04EC0-301F-11D3-BF4B-00C04F79EFBC}") = "FlavorFlaveProto", "FlavorFlaveProto.csproj", "{A920D3E7-CCAF-4CC5-A9E2-6E57D278DFD2}"
EndProject
Global
	GlobalSection(SolutionConfigurationPlatforms) = preSolution
		Debug|Any CPU = Debug|Any CPU
		Release|Any CPU = Release|Any CPU
	EndGlobalSection
	GlobalSection(ProjectConfigurationPlatforms) = postSolution
		{A920D3E7-CCAF-4CC5-A9E2-6E57D278DFD2}.Debug|Any CPU.ActiveCfg = Debug|Any CPU
		{A920D3E7-CCAF-4CC5-A9E2-6E57D278DFD2}.Debug|Any CPU.Build.0 = Debug|Any CPU
		{A920D3E7-CCAF-4CC5-A9E2-6E57D278DFD2}.Debug|Any CPU.Deploy.0 = Debug|Any CPU
		{A920D3E7-CCAF-4CC5-A9E2-6E57D278DFD2}.Release|Any CPU.ActiveCfg = Release|Any CPU
		{A920D3E7-CCAF-4CC5-A9E2-6E57D278DFD2}.Release|Any CPU.Build.0 = Release|Any CPU
		{A920D3E7-CCAF-4CC5-A9E2-6E57D278DFD2}.Release|Any CPU.Deploy.0 = Release|Any CPU
	EndGlobalSection
	GlobalSection(SolutionProperties) = preSolution
		HideSolutionNode = FALSE
	EndGlobalSection
	GlobalSection(ExtensibilityGlobals) = postSolution
		SolutionGuid = {7A3717A3-3435-4CF7-AFD9-249EDC5C61B3}
	EndGlobalSection
EndGlobal
