
Microsoft Visual Studio Solution File, Format Version 12.00
# Visual Studio Version 16
VisualStudioVersion = 25.0.1706.4
MinimumVisualStudioVersion = 10.0.40219.1
Project("{FAE04EC0-301F-11D3-BF4B-00C04F79EFBC}") = "ProtoFiles", "ProtoFiles\ProtoFiles.csproj", "{8B54DC46-D305-4219-BFE2-E1536656EB3E}"
EndProject
Global
	GlobalSection(SolutionConfigurationPlatforms) = preSolution
		Debug|Any CPU = Debug|Any CPU
		Release|Any CPU = Release|Any CPU
	EndGlobalSection
	GlobalSection(ProjectConfigurationPlatforms) = postSolution
		{8B54DC46-D305-4219-BFE2-E1536656EB3E}.Debug|Any CPU.ActiveCfg = Debug|Any CPU
		{8B54DC46-D305-4219-BFE2-E1536656EB3E}.Debug|Any CPU.Build.0 = Debug|Any CPU
		{8B54DC46-D305-4219-BFE2-E1536656EB3E}.Release|Any CPU.ActiveCfg = Release|Any CPU
		{8B54DC46-D305-4219-BFE2-E1536656EB3E}.Release|Any CPU.Build.0 = Release|Any CPU
	EndGlobalSection
	GlobalSection(SolutionProperties) = preSolution
		HideSolutionNode = FALSE
	EndGlobalSection
	GlobalSection(ExtensibilityGlobals) = postSolution
		SolutionGuid = {2E1EC625-B294-445C-A7CA-CB8B76EB26D5}
	EndGlobalSection
EndGlobal
